
Microsoft Visual Studio Solution File, Format Version 12.00
# Visual Studio Version 17
VisualStudioVersion = 17.3.32825.248
MinimumVisualStudioVersion = 10.0.40219.1
Project("{9A19103F-16F7-4668-BE54-9A1E7A4F7556}") = "Week3IfAndSwitch", "Week3IfAndSwitch\Week3IfAndSwitch.csproj", "{214A4605-A72F-4AE1-B453-2076F7884D66}"
EndProject
Project("{9A19103F-16F7-4668-BE54-9A1E7A4F7556}") = "OddOrEven", "OddOrEven\OddOrEven.csproj", "{D3248DDA-11E3-48D9-B8D1-F7618D380965}"
EndProject
Project("{9A19103F-16F7-4668-BE54-9A1E7A4F7556}") = "IfDayOfTheWeek", "IfDayOfTheWeek\IfDayOfTheWeek.csproj", "{05EBA685-AA9D-46F7-A5A3-81D52D03C626}"
EndProject
Project("{FAE04EC0-301F-11D3-BF4B-00C04F79EFBC}") = "SwitchDayOfTheWeek", "SwitchDayOfTheWeek\SwitchDayOfTheWeek.csproj", "{C5233A5E-2A22-410F-B94C-DCA287B32FB8}"
EndProject
Global
	GlobalSection(SolutionConfigurationPlatforms) = preSolution
		Debug|Any CPU = Debug|Any CPU
		Release|Any CPU = Release|Any CPU
	EndGlobalSection
	GlobalSection(ProjectConfigurationPlatforms) = postSolution
		{214A4605-A72F-4AE1-B453-2076F7884D66}.Debug|Any CPU.ActiveCfg = Debug|Any CPU
		{214A4605-A72F-4AE1-B453-2076F7884D66}.Debug|Any CPU.Build.0 = Debug|Any CPU
		{214A4605-A72F-4AE1-B453-2076F7884D66}.Release|Any CPU.ActiveCfg = Release|Any CPU
		{214A4605-A72F-4AE1-B453-2076F7884D66}.Release|Any CPU.Build.0 = Release|Any CPU
		{D3248DDA-11E3-48D9-B8D1-F7618D380965}.Debug|Any CPU.ActiveCfg = Debug|Any CPU
		{D3248DDA-11E3-48D9-B8D1-F7618D380965}.Debug|Any CPU.Build.0 = Debug|Any CPU
		{D3248DDA-11E3-48D9-B8D1-F7618D380965}.Release|Any CPU.ActiveCfg = Release|Any CPU
		{D3248DDA-11E3-48D9-B8D1-F7618D380965}.Release|Any CPU.Build.0 = Release|Any CPU
		{05EBA685-AA9D-46F7-A5A3-81D52D03C626}.Debug|Any CPU.ActiveCfg = Debug|Any CPU
		{05EBA685-AA9D-46F7-A5A3-81D52D03C626}.Debug|Any CPU.Build.0 = Debug|Any CPU
		{05EBA685-AA9D-46F7-A5A3-81D52D03C626}.Release|Any CPU.ActiveCfg = Release|Any CPU
		{05EBA685-AA9D-46F7-A5A3-81D52D03C626}.Release|Any CPU.Build.0 = Release|Any CPU
		{C5233A5E-2A22-410F-B94C-DCA287B32FB8}.Debug|Any CPU.ActiveCfg = Debug|Any CPU
		{C5233A5E-2A22-410F-B94C-DCA287B32FB8}.Debug|Any CPU.Build.0 = Debug|Any CPU
		{C5233A5E-2A22-410F-B94C-DCA287B32FB8}.Release|Any CPU.ActiveCfg = Release|Any CPU
		{C5233A5E-2A22-410F-B94C-DCA287B32FB8}.Release|Any CPU.Build.0 = Release|Any CPU
	EndGlobalSection
	GlobalSection(SolutionProperties) = preSolution
		HideSolutionNode = FALSE
	EndGlobalSection
	GlobalSection(ExtensibilityGlobals) = postSolution
		SolutionGuid = {7C09A882-A3B9-4895-B7B4-EDDB3498DC69}
	EndGlobalSection
EndGlobal
